
Microsoft Visual Studio Solution File, Format Version 12.00
# Visual Studio Version 16
VisualStudioVersion = 16.0.31205.134
MinimumVisualStudioVersion = 10.0.40219.1
Project("{FAE04EC0-301F-11D3-BF4B-00C04F79EFBC}") = "INET", "INET\INET.csproj", "{5E26B972-A457-4D97-B339-6E386A1833BF}"
EndProject
Project("{FAE04EC0-301F-11D3-BF4B-00C04F79EFBC}") = "INET.EXAMPLES.CLIENT", "INET.EXAMPLES.CLIENT\INET.EXAMPLES.CLIENT.csproj", "{6227BAD6-51CF-48C0-817C-E7C358FA7109}"
EndProject
Project("{FAE04EC0-301F-11D3-BF4B-00C04F79EFBC}") = "INET.EXAMPLES.SERVER", "INET.EXAMPLES.SERVER\INET.EXAMPLES.SERVER.csproj", "{F48786A0-9510-49AA-AF28-B7FE56BF789E}"
EndProject
Global
	GlobalSection(SolutionConfigurationPlatforms) = preSolution
		Debug|Any CPU = Debug|Any CPU
		Release|Any CPU = Release|Any CPU
	EndGlobalSection
	GlobalSection(ProjectConfigurationPlatforms) = postSolution
		{5E26B972-A457-4D97-B339-6E386A1833BF}.Debug|Any CPU.ActiveCfg = Debug|Any CPU
		{5E26B972-A457-4D97-B339-6E386A1833BF}.Debug|Any CPU.Build.0 = Debug|Any CPU
		{5E26B972-A457-4D97-B339-6E386A1833BF}.Release|Any CPU.ActiveCfg = Release|Any CPU
		{5E26B972-A457-4D97-B339-6E386A1833BF}.Release|Any CPU.Build.0 = Release|Any CPU
		{6227BAD6-51CF-48C0-817C-E7C358FA7109}.Debug|Any CPU.ActiveCfg = Debug|Any CPU
		{6227BAD6-51CF-48C0-817C-E7C358FA7109}.Debug|Any CPU.Build.0 = Debug|Any CPU
		{6227BAD6-51CF-48C0-817C-E7C358FA7109}.Release|Any CPU.ActiveCfg = Release|Any CPU
		{6227BAD6-51CF-48C0-817C-E7C358FA7109}.Release|Any CPU.Build.0 = Release|Any CPU
		{F48786A0-9510-49AA-AF28-B7FE56BF789E}.Debug|Any CPU.ActiveCfg = Debug|Any CPU
		{F48786A0-9510-49AA-AF28-B7FE56BF789E}.Debug|Any CPU.Build.0 = Debug|Any CPU
		{F48786A0-9510-49AA-AF28-B7FE56BF789E}.Release|Any CPU.ActiveCfg = Release|Any CPU
		{F48786A0-9510-49AA-AF28-B7FE56BF789E}.Release|Any CPU.Build.0 = Release|Any CPU
	EndGlobalSection
	GlobalSection(SolutionProperties) = preSolution
		HideSolutionNode = FALSE
	EndGlobalSection
	GlobalSection(ExtensibilityGlobals) = postSolution
		SolutionGuid = {A4350882-51B1-49BF-9B5D-43E4BC179700}
	EndGlobalSection
EndGlobal
